{
  "name": "gavio-example-quickstart",
  "version": "0.0.0",
  "lockfileVersion": 3,
  "requires": true,
  "packages": {
    "": {
      "name": "gavio-example-quickstart",
      "version": "0.0.0",
      "dependencies": {
        "gavio": "^0.8.0"
      }
    },
    "node_modules/gavio": {
      "version": "0.8.0",
      "resolved": "https://registry.npmjs.org/gavio/-/gavio-0.8.0.tgz",
      "integrity": "sha512-Q22c/OtfIitQhPr0Pz5Ur/hrbl7Y8GEwTAI/wpXjOivOBGITMvDyPF6MKCGIkrIAJpFTNmjo9YzYK5qLCfawtQ==",
      "license": "MIT",
      "engines": {
        "node": ">=18"
      }
    }
  }
}
