{
  "name": "gavio-example-inspector",
  "version": "0.0.0",
  "lockfileVersion": 3,
  "requires": true,
  "packages": {
    "": {
      "name": "gavio-example-inspector",
      "version": "0.0.0",
      "dependencies": {
        "gavio": "^1.0.0"
      }
    },
    "node_modules/gavio": {
      "version": "1.0.0",
      "resolved": "https://registry.npmjs.org/gavio/-/gavio-1.0.0.tgz",
      "integrity": "sha512-47rR/GCc+bdw4vEEVKPa+BIEx9/STLWAXt6Gy9UK60JVh4Jr9+m4zQATZndrdQZQwTCYd3gs7iynQQ0B+q5WLg==",
      "license": "MIT",
      "engines": {
        "node": ">=18"
      },
      "peerDependencies": {
        "tesseract.js": "*"
      },
      "peerDependenciesMeta": {
        "tesseract.js": {
          "optional": true
        }
      }
    }
  }
}
