{
  "name": "gavio-example-custom-scanner",
  "version": "0.0.0",
  "lockfileVersion": 3,
  "requires": true,
  "packages": {
    "": {
      "name": "gavio-example-custom-scanner",
      "version": "0.0.0",
      "dependencies": {
        "gavio": "^0.1.0"
      }
    },
    "node_modules/gavio": {
      "version": "0.1.0",
      "resolved": "https://registry.npmjs.org/gavio/-/gavio-0.1.0.tgz",
      "integrity": "sha512-my2aOKeVgZnLXM+6+6j/QlJhFQc+f1NQQG0R0YM4tZn36tuEQQUN5PxybcrP6NG3+W15+6RHYxIzM6q3/NtW0w==",
      "license": "MIT",
      "engines": {
        "node": ">=18"
      }
    }
  }
}
