{
  "name": "gavio-example-control-plane",
  "version": "0.0.0",
  "lockfileVersion": 3,
  "requires": true,
  "packages": {
    "": {
      "name": "gavio-example-control-plane",
      "version": "0.0.0",
      "dependencies": {
        "gavio": "^3.0.0"
      }
    },
    "node_modules/gavio": {
      "version": "3.0.0",
      "resolved": "https://registry.npmjs.org/gavio/-/gavio-3.0.0.tgz",
      "license": "MIT",
      "engines": {
        "node": ">=18"
      },
      "peerDependencies": {
        "tesseract.js": "*"
      },
      "peerDependenciesMeta": {
        "tesseract.js": {
          "optional": true
        }
      }
    }
  }
}
