{
  "name": "gavio-example-production-gateway",
  "version": "0.0.0",
  "lockfileVersion": 3,
  "requires": true,
  "packages": {
    "": {
      "name": "gavio-example-production-gateway",
      "version": "0.0.0",
      "dependencies": {
        "gavio": "^0.4.0"
      }
    },
    "node_modules/gavio": {
      "version": "0.4.0",
      "resolved": "https://registry.npmjs.org/gavio/-/gavio-0.4.0.tgz",
      "integrity": "sha512-qDqo+JVLr4KfmdEyprKoc5ob8j1AyMCpz11sh4LkyT8LtT+yc/9vEnl62boFtgt96oul8+MLfV8UDddJYnh22w==",
      "license": "MIT",
      "engines": {
        "node": ">=18"
      }
    }
  }
}
